
Microsoft Visual Studio Solution File, Format Version 11.00
# Visual Studio 2010
Project("{8BC9CEB8-8B4A-11D0-8D11-00A0C91BC942}") = "quLogicSynthesis", "quLogicSynthesis\quLogicSynthesis.vcxproj", "{1EF992D5-EA2C-4F83-BC4B-45DCF6833F14}"
EndProject
Global
	GlobalSection(SolutionConfigurationPlatforms) = preSolution
		Debug|Win32 = Debug|Win32
		Release|Win32 = Release|Win32
	EndGlobalSection
	GlobalSection(ProjectConfigurationPlatforms) = postSolution
		{1EF992D5-EA2C-4F83-BC4B-45DCF6833F14}.Debug|Win32.ActiveCfg = Debug|Win32
		{1EF992D5-EA2C-4F83-BC4B-45DCF6833F14}.Debug|Win32.Build.0 = Debug|Win32
		{1EF992D5-EA2C-4F83-BC4B-45DCF6833F14}.Release|Win32.ActiveCfg = Release|Win32
		{1EF992D5-EA2C-4F83-BC4B-45DCF6833F14}.Release|Win32.Build.0 = Release|Win32
	EndGlobalSection
	GlobalSection(SolutionProperties) = preSolution
		HideSolutionNode = FALSE
	EndGlobalSection
EndGlobal
